<?xml version="1.0" encoding="utf-8"?>
<Project ToolsVersion="4.0" xmlns="http://schemas.microsoft.com/developer/msbuild/2003">
  <ItemGroup>
    <Filter Include="Source Files">
      <UniqueIdentifier>{4FC737F1-C7A5-4376-A066-2A32D752A2FF}</UniqueIdentifier>
      <Extensions>cpp;c;cc;cxx;def;odl;idl;hpj;bat;asm;asmx</Extensions>
    </Filter>
    <Filter Include="Header Files">
      <UniqueIdentifier>{93995380-89BD-4b04-88EB-625FBE52EBFB}</UniqueIdentifier>
      <Extensions>h;hh;hpp;hxx;hm;inl;inc;ipp;xsd</Extensions>
    </Filter>
    <Filter Include="Resource Files">
      <UniqueIdentifier>{67DA6AB6-F800-4c08-8B7A-83BB121AAD01}</UniqueIdentifier>
      <Extensions>rc;ico;cur;bmp;dlg;rc2;rct;bin;rgs;gif;jpg;jpeg;jpe;resx;tiff;tif;png;wav;mfcribbon-ms</Extensions>
    </Filter>
  </ItemGroup>
  <ItemGroup>
    <ClCompile Include="Source\Base.cpp">
      <Filter>Source Files</Filter>
    </ClCompile>
    <ClCompile Include="Source\Bases.cpp">
      <Filter>Source Files</Filter>
    </ClCompile>
    <ClCompile Include="Source\BOSimulator.cpp">
      <Filter>Source Files</Filter>
    </ClCompile>
    <ClCompile Include="Source\BOSSManager.cpp">
      <Filter>Source Files</Filter>
    </ClCompile>
    <ClCompile Include="Source\BuildingManager.cpp">
      <Filter>Source Files</Filter>
    </ClCompile>
    <ClCompile Include="Source\BuildingPlacer.cpp">
      <Filter>Source Files</Filter>
    </ClCompile>
    <ClCompile Include="Source\BuildOrder.cpp">
      <Filter>Source Files</Filter>
    </ClCompile>
    <ClCompile Include="Source\BuildOrderQueue.cpp">
      <Filter>Source Files</Filter>
    </ClCompile>
    <ClCompile Include="Source\CombatCommander.cpp">
      <Filter>Source Files</Filter>
    </ClCompile>
    <ClCompile Include="Source\CombatSimulation.cpp">
      <Filter>Source Files</Filter>
    </ClCompile>
    <ClCompile Include="Source\Common.cpp">
      <Filter>Source Files</Filter>
    </ClCompile>
    <ClCompile Include="Source\Config.cpp">
      <Filter>Source Files</Filter>
    </ClCompile>
    <ClCompile Include="Source\Dll.cpp">
      <Filter>Source Files</Filter>
    </ClCompile>
    <ClCompile Include="Source\FAP.cpp">
      <Filter>Source Files</Filter>
    </ClCompile>
    <ClCompile Include="Source\GameCommander.cpp">
      <Filter>Source Files</Filter>
    </ClCompile>
    <ClCompile Include="Source\GameRecord.cpp">
      <Filter>Source Files</Filter>
    </ClCompile>
    <ClCompile Include="Source\GameRecordNow.cpp">
      <Filter>Source Files</Filter>
    </ClCompile>
    <ClCompile Include="Source\Grid.cpp">
      <Filter>Source Files</Filter>
    </ClCompile>
    <ClCompile Include="Source\GridAttacks.cpp">
      <Filter>Source Files</Filter>
    </ClCompile>
    <ClCompile Include="Source\GridDistances.cpp">
      <Filter>Source Files</Filter>
    </ClCompile>
    <ClCompile Include="Source\GridInset.cpp">
      <Filter>Source Files</Filter>
    </ClCompile>
    <ClCompile Include="Source\GridRoom.cpp">
      <Filter>Source Files</Filter>
    </ClCompile>
    <ClCompile Include="Source\GridSafeAirPath.cpp">
      <Filter>Source Files</Filter>
    </ClCompile>
    <ClCompile Include="Source\GridTileRoom.cpp">
      <Filter>Source Files</Filter>
    </ClCompile>
    <ClCompile Include="Source\GridWalk.cpp">
      <Filter>Source Files</Filter>
    </ClCompile>
    <ClCompile Include="Source\GridZone.cpp">
      <Filter>Source Files</Filter>
    </ClCompile>
    <ClCompile Include="Source\InformationManager.cpp">
      <Filter>Source Files</Filter>
    </ClCompile>
    <ClCompile Include="Source\JSONTools.cpp">
      <Filter>Source Files</Filter>
    </ClCompile>
    <ClCompile Include="Source\Logger.cpp">
      <Filter>Source Files</Filter>
    </ClCompile>
    <ClCompile Include="Source\MacroAct.cpp">
      <Filter>Source Files</Filter>
    </ClCompile>
    <ClCompile Include="Source\MapGrid.cpp">
      <Filter>Source Files</Filter>
    </ClCompile>
    <ClCompile Include="Source\MapPartitions.cpp">
      <Filter>Source Files</Filter>
    </ClCompile>
    <ClCompile Include="Source\MapTools.cpp">
      <Filter>Source Files</Filter>
    </ClCompile>
    <ClCompile Include="Source\Micro.cpp">
      <Filter>Source Files</Filter>
    </ClCompile>
    <ClCompile Include="Source\MicroAirToAir.cpp">
      <Filter>Source Files</Filter>
    </ClCompile>
    <ClCompile Include="Source\MicroDefilers.cpp">
      <Filter>Source Files</Filter>
    </ClCompile>
    <ClCompile Include="Source\MicroDetectors.cpp">
      <Filter>Source Files</Filter>
    </ClCompile>
    <ClCompile Include="Source\MicroHighTemplar.cpp">
      <Filter>Source Files</Filter>
    </ClCompile>
    <ClCompile Include="Source\MicroLurkers.cpp">
      <Filter>Source Files</Filter>
    </ClCompile>
    <ClCompile Include="Source\MicroManager.cpp">
      <Filter>Source Files</Filter>
    </ClCompile>
    <ClCompile Include="Source\MicroMedics.cpp">
      <Filter>Source Files</Filter>
    </ClCompile>
    <ClCompile Include="Source\MicroMelee.cpp">
      <Filter>Source Files</Filter>
    </ClCompile>
    <ClCompile Include="Source\MicroMutas.cpp">
      <Filter>Source Files</Filter>
    </ClCompile>
    <ClCompile Include="Source\MicroOverlords.cpp">
      <Filter>Source Files</Filter>
    </ClCompile>
    <ClCompile Include="Source\MicroQueens.cpp">
      <Filter>Source Files</Filter>
    </ClCompile>
    <ClCompile Include="Source\MicroRanged.cpp">
      <Filter>Source Files</Filter>
    </ClCompile>
    <ClCompile Include="Source\MicroScourge.cpp">
      <Filter>Source Files</Filter>
    </ClCompile>
    <ClCompile Include="Source\MicroTanks.cpp">
      <Filter>Source Files</Filter>
    </ClCompile>
    <ClCompile Include="Source\MicroTransports.cpp">
      <Filter>Source Files</Filter>
    </ClCompile>
    <ClCompile Include="Source\OpponentModel.cpp">
      <Filter>Source Files</Filter>
    </ClCompile>
    <ClCompile Include="Source\OpponentPlan.cpp">
      <Filter>Source Files</Filter>
    </ClCompile>
    <ClCompile Include="Source\OpsBoss.cpp">
      <Filter>Source Files</Filter>
    </ClCompile>
    <ClCompile Include="Source\ParseUtils.cpp">
      <Filter>Source Files</Filter>
    </ClCompile>
    <ClCompile Include="Source\PlayerSnapshot.cpp">
      <Filter>Source Files</Filter>
    </ClCompile>
    <ClCompile Include="Source\ProductionGoal.cpp">
      <Filter>Source Files</Filter>
    </ClCompile>
    <ClCompile Include="Source\ProductionManager.cpp">
      <Filter>Source Files</Filter>
    </ClCompile>
    <ClCompile Include="Source\Random.cpp">
      <Filter>Source Files</Filter>
    </ClCompile>
    <ClCompile Include="Source\ScoutManager.cpp">
      <Filter>Source Files</Filter>
    </ClCompile>
    <ClCompile Include="Source\Squad.cpp">
      <Filter>Source Files</Filter>
    </ClCompile>
    <ClCompile Include="Source\SquadData.cpp">
      <Filter>Source Files</Filter>
    </ClCompile>
    <ClCompile Include="Source\StrategyBossZerg.cpp">
      <Filter>Source Files</Filter>
    </ClCompile>
    <ClCompile Include="Source\StrategyManager.cpp">
      <Filter>Source Files</Filter>
    </ClCompile>
    <ClCompile Include="Source\The.cpp">
      <Filter>Source Files</Filter>
    </ClCompile>
    <ClCompile Include="Source\TimerManager.cpp">
      <Filter>Source Files</Filter>
    </ClCompile>
    <ClCompile Include="Source\UABAssert.cpp">
      <Filter>Source Files</Filter>
    </ClCompile>
    <ClCompile Include="Source\UAlbertaBotModule.cpp">
      <Filter>Source Files</Filter>
    </ClCompile>
    <ClCompile Include="Source\UnitData.cpp">
      <Filter>Source Files</Filter>
    </ClCompile>
    <ClCompile Include="Source\UnitUtil.cpp">
      <Filter>Source Files</Filter>
    </ClCompile>
    <ClCompile Include="Source\WorkerData.cpp">
      <Filter>Source Files</Filter>
    </ClCompile>
    <ClCompile Include="Source\WorkerManager.cpp">
      <Filter>Source Files</Filter>
    </ClCompile>
  </ItemGroup>
  <ItemGroup>
    <ClInclude Include="Source\Base.h">
      <Filter>Header Files</Filter>
    </ClInclude>
    <ClInclude Include="Source\Bases.h">
      <Filter>Header Files</Filter>
    </ClInclude>
    <ClInclude Include="Source\BOSimulator.h">
      <Filter>Header Files</Filter>
    </ClInclude>
    <ClInclude Include="Source\BOSSManager.h">
      <Filter>Header Files</Filter>
    </ClInclude>
    <ClInclude Include="Source\BuildingData.h">
      <Filter>Header Files</Filter>
    </ClInclude>
    <ClInclude Include="Source\BuildingManager.h">
      <Filter>Header Files</Filter>
    </ClInclude>
    <ClInclude Include="Source\BuildingPlacer.h">
      <Filter>Header Files</Filter>
    </ClInclude>
    <ClInclude Include="Source\BuildOrder.h">
      <Filter>Header Files</Filter>
    </ClInclude>
    <ClInclude Include="Source\BuildOrderQueue.h">
      <Filter>Header Files</Filter>
    </ClInclude>
    <ClInclude Include="Source\CombatCommander.h">
      <Filter>Header Files</Filter>
    </ClInclude>
    <ClInclude Include="Source\CombatSimulation.h">
      <Filter>Header Files</Filter>
    </ClInclude>
    <ClInclude Include="Source\Common.h">
      <Filter>Header Files</Filter>
    </ClInclude>
    <ClInclude Include="Source\Config.h">
      <Filter>Header Files</Filter>
    </ClInclude>
    <ClInclude Include="Source\DistanceMap.hpp">
      <Filter>Header Files</Filter>
    </ClInclude>
    <ClInclude Include="Source\FAP.h">
      <Filter>Header Files</Filter>
    </ClInclude>
    <ClInclude Include="Source\GameCommander.h">
      <Filter>Header Files</Filter>
    </ClInclude>
    <ClInclude Include="Source\GameRecord.h">
      <Filter>Header Files</Filter>
    </ClInclude>
    <ClInclude Include="Source\GameRecordNow.h">
      <Filter>Header Files</Filter>
    </ClInclude>
    <ClInclude Include="Source\Grid.h">
      <Filter>Header Files</Filter>
    </ClInclude>
    <ClInclude Include="Source\GridAttacks.h">
      <Filter>Header Files</Filter>
    </ClInclude>
    <ClInclude Include="Source\GridDistances.h">
      <Filter>Header Files</Filter>
    </ClInclude>
    <ClInclude Include="Source\GridInset.h">
      <Filter>Header Files</Filter>
    </ClInclude>
    <ClInclude Include="Source\GridRoom.h">
      <Filter>Header Files</Filter>
    </ClInclude>
    <ClInclude Include="Source\GridSafeAirPath.h">
      <Filter>Header Files</Filter>
    </ClInclude>
    <ClInclude Include="Source\GridTileRoom.h">
      <Filter>Header Files</Filter>
    </ClInclude>
    <ClInclude Include="Source\GridWalk.h">
      <Filter>Header Files</Filter>
    </ClInclude>
    <ClInclude Include="Source\GridZone.h">
      <Filter>Header Files</Filter>
    </ClInclude>
    <ClInclude Include="Source\InformationManager.h">
      <Filter>Header Files</Filter>
    </ClInclude>
    <ClInclude Include="Source\JSONTools.h">
      <Filter>Header Files</Filter>
    </ClInclude>
    <ClInclude Include="Source\Logger.h">
      <Filter>Header Files</Filter>
    </ClInclude>
    <ClInclude Include="Source\MacroAct.h">
      <Filter>Header Files</Filter>
    </ClInclude>
    <ClInclude Include="Source\MacroCommand.h">
      <Filter>Header Files</Filter>
    </ClInclude>
    <ClInclude Include="Source\MapGrid.h">
      <Filter>Header Files</Filter>
    </ClInclude>
    <ClInclude Include="Source\MapPartitions.h">
      <Filter>Header Files</Filter>
    </ClInclude>
    <ClInclude Include="Source\MapTools.h">
      <Filter>Header Files</Filter>
    </ClInclude>
    <ClInclude Include="Source\Micro.h">
      <Filter>Header Files</Filter>
    </ClInclude>
    <ClInclude Include="Source\MicroAirToAir.h">
      <Filter>Header Files</Filter>
    </ClInclude>
    <ClInclude Include="Source\MicroDefilers.h">
      <Filter>Header Files</Filter>
    </ClInclude>
    <ClInclude Include="Source\MicroDetectors.h">
      <Filter>Header Files</Filter>
    </ClInclude>
    <ClInclude Include="Source\MicroHighTemplar.h">
      <Filter>Header Files</Filter>
    </ClInclude>
    <ClInclude Include="Source\MicroLurkers.h">
      <Filter>Header Files</Filter>
    </ClInclude>
    <ClInclude Include="Source\MicroManager.h">
      <Filter>Header Files</Filter>
    </ClInclude>
    <ClInclude Include="Source\MicroMedics.h">
      <Filter>Header Files</Filter>
    </ClInclude>
    <ClInclude Include="Source\MicroMelee.h">
      <Filter>Header Files</Filter>
    </ClInclude>
    <ClInclude Include="Source\MicroMutas.h">
      <Filter>Header Files</Filter>
    </ClInclude>
    <ClInclude Include="Source\MicroOverlords.h">
      <Filter>Header Files</Filter>
    </ClInclude>
    <ClInclude Include="Source\MicroQueens.h">
      <Filter>Header Files</Filter>
    </ClInclude>
    <ClInclude Include="Source\MicroRanged.h">
      <Filter>Header Files</Filter>
    </ClInclude>
    <ClInclude Include="Source\MicroScourge.h">
      <Filter>Header Files</Filter>
    </ClInclude>
    <ClInclude Include="Source\MicroTanks.h">
      <Filter>Header Files</Filter>
    </ClInclude>
    <ClInclude Include="Source\MicroTransports.h">
      <Filter>Header Files</Filter>
    </ClInclude>
    <ClInclude Include="Source\OpponentModel.h">
      <Filter>Header Files</Filter>
    </ClInclude>
    <ClInclude Include="Source\OpponentPlan.h">
      <Filter>Header Files</Filter>
    </ClInclude>
    <ClInclude Include="Source\OpsBoss.h">
      <Filter>Header Files</Filter>
    </ClInclude>
    <ClInclude Include="Source\ParseUtils.h">
      <Filter>Header Files</Filter>
    </ClInclude>
    <ClInclude Include="Source\PlayerSnapshot.h">
      <Filter>Header Files</Filter>
    </ClInclude>
    <ClInclude Include="Source\ProductionGoal.h">
      <Filter>Header Files</Filter>
    </ClInclude>
    <ClInclude Include="Source\ProductionManager.h">
      <Filter>Header Files</Filter>
    </ClInclude>
    <ClInclude Include="Source\Random.h">
      <Filter>Header Files</Filter>
    </ClInclude>
    <ClInclude Include="Source\ScoutManager.h">
      <Filter>Header Files</Filter>
    </ClInclude>
    <ClInclude Include="Source\Squad.h">
      <Filter>Header Files</Filter>
    </ClInclude>
    <ClInclude Include="Source\SquadData.h">
      <Filter>Header Files</Filter>
    </ClInclude>
    <ClInclude Include="Source\SquadOrder.h">
      <Filter>Header Files</Filter>
    </ClInclude>
    <ClInclude Include="Source\StrategyBossZerg.h">
      <Filter>Header Files</Filter>
    </ClInclude>
    <ClInclude Include="Source\StrategyManager.h">
      <Filter>Header Files</Filter>
    </ClInclude>
    <ClInclude Include="Source\The.h">
      <Filter>Header Files</Filter>
    </ClInclude>
    <ClInclude Include="Source\TimerManager.h">
      <Filter>Header Files</Filter>
    </ClInclude>
    <ClInclude Include="Source\UABAssert.h">
      <Filter>Header Files</Filter>
    </ClInclude>
    <ClInclude Include="Source\UAlbertaBotModule.h">
      <Filter>Header Files</Filter>
    </ClInclude>
    <ClInclude Include="Source\UnitData.h">
      <Filter>Header Files</Filter>
    </ClInclude>
    <ClInclude Include="Source\UnitUtil.h">
      <Filter>Header Files</Filter>
    </ClInclude>
    <ClInclude Include="Source\WorkerData.h">
      <Filter>Header Files</Filter>
    </ClInclude>
    <ClInclude Include="Source\WorkerManager.h">
      <Filter>Header Files</Filter>
    </ClInclude>
  </ItemGroup>
</Project>