<?xml version="1.0" encoding="utf-8"?>
<Project ToolsVersion="4.0" xmlns="http://schemas.microsoft.com/developer/msbuild/2003">
  <ItemGroup>
    <Filter Include="Source Files">
      <UniqueIdentifier>{4FC737F1-C7A5-4376-A066-2A32D752A2FF}</UniqueIdentifier>
      <Extensions>cpp;c;cc;cxx;def;odl;idl;hpj;bat;asm;asmx</Extensions>
    </Filter>
    <Filter Include="Header Files">
      <UniqueIdentifier>{93995380-89BD-4b04-88EB-625FBE52EBFB}</UniqueIdentifier>
      <Extensions>h;hh;hpp;hxx;hm;inl;inc;ipp;xsd</Extensions>
    </Filter>
    <Filter Include="Resource Files">
      <UniqueIdentifier>{67DA6AB6-F800-4c08-8B7A-83BB121AAD01}</UniqueIdentifier>
      <Extensions>rc;ico;cur;bmp;dlg;rc2;rct;bin;rgs;gif;jpg;jpeg;jpe;resx;tiff;tif;png;wav;mfcribbon-ms</Extensions>
    </Filter>
  </ItemGroup>
  <ItemGroup>
    <ClCompile Include="source\ActionInProgress.cpp">
      <Filter>Source Files</Filter>
    </ClCompile>
    <ClCompile Include="source\ActionSet.cpp">
      <Filter>Source Files</Filter>
    </ClCompile>
    <ClCompile Include="source\ActionType.cpp">
      <Filter>Source Files</Filter>
    </ClCompile>
    <ClCompile Include="source\ActionTypeData.cpp">
      <Filter>Source Files</Filter>
    </ClCompile>
    <ClCompile Include="source\BOSS.cpp">
      <Filter>Source Files</Filter>
    </ClCompile>
    <ClCompile Include="source\BOSS_main.cpp">
      <Filter>Source Files</Filter>
    </ClCompile>
    <ClCompile Include="source\BOSSAssert.cpp">
      <Filter>Source Files</Filter>
    </ClCompile>
    <ClCompile Include="source\BOSSException.cpp">
      <Filter>Source Files</Filter>
    </ClCompile>
    <ClCompile Include="source\BOSSExperiments.cpp">
      <Filter>Source Files</Filter>
    </ClCompile>
    <ClCompile Include="source\BOSSLogger.cpp">
      <Filter>Source Files</Filter>
    </ClCompile>
    <ClCompile Include="source\BOSSParameters.cpp">
      <Filter>Source Files</Filter>
    </ClCompile>
    <ClCompile Include="source\BOSSPlotBuildOrders.cpp">
      <Filter>Source Files</Filter>
    </ClCompile>
    <ClCompile Include="source\BuildingData.cpp">
      <Filter>Source Files</Filter>
    </ClCompile>
    <ClCompile Include="source\BuildOrder.cpp">
      <Filter>Source Files</Filter>
    </ClCompile>
    <ClCompile Include="source\BuildOrderPlot.cpp">
      <Filter>Source Files</Filter>
    </ClCompile>
    <ClCompile Include="source\BuildOrderSearchGoal.cpp">
      <Filter>Source Files</Filter>
    </ClCompile>
    <ClCompile Include="source\BuildOrderTester.cpp">
      <Filter>Source Files</Filter>
    </ClCompile>
    <ClCompile Include="source\CombatSearch.cpp">
      <Filter>Source Files</Filter>
    </ClCompile>
    <ClCompile Include="source\CombatSearch_BestResponse.cpp">
      <Filter>Source Files</Filter>
    </ClCompile>
    <ClCompile Include="source\CombatSearch_BestResponseData.cpp">
      <Filter>Source Files</Filter>
    </ClCompile>
    <ClCompile Include="source\CombatSearch_Bucket.cpp">
      <Filter>Source Files</Filter>
    </ClCompile>
    <ClCompile Include="source\CombatSearch_BucketData.cpp">
      <Filter>Source Files</Filter>
    </ClCompile>
    <ClCompile Include="source\CombatSearch_Integral.cpp">
      <Filter>Source Files</Filter>
    </ClCompile>
    <ClCompile Include="source\CombatSearch_IntegralData.cpp">
      <Filter>Source Files</Filter>
    </ClCompile>
    <ClCompile Include="source\CombatSearchExperiment.cpp">
      <Filter>Source Files</Filter>
    </ClCompile>
    <ClCompile Include="source\CombatSearchParameters.cpp">
      <Filter>Source Files</Filter>
    </ClCompile>
    <ClCompile Include="source\CombatSearchResults.cpp">
      <Filter>Source Files</Filter>
    </ClCompile>
    <ClCompile Include="source\Constants.cpp">
      <Filter>Source Files</Filter>
    </ClCompile>
    <ClCompile Include="source\DFBB_BuildOrderSearchParameters.cpp">
      <Filter>Source Files</Filter>
    </ClCompile>
    <ClCompile Include="source\DFBB_BuildOrderSearchResults.cpp">
      <Filter>Source Files</Filter>
    </ClCompile>
    <ClCompile Include="source\DFBB_BuildOrderSearchSaveState.cpp">
      <Filter>Source Files</Filter>
    </ClCompile>
    <ClCompile Include="source\DFBB_BuildOrderSmartSearch.cpp">
      <Filter>Source Files</Filter>
    </ClCompile>
    <ClCompile Include="source\DFBB_BuildOrderStackSearch.cpp">
      <Filter>Source Files</Filter>
    </ClCompile>
    <ClCompile Include="source\Eval.cpp">
      <Filter>Source Files</Filter>
    </ClCompile>
    <ClCompile Include="source\GameState.cpp">
      <Filter>Source Files</Filter>
    </ClCompile>
    <ClCompile Include="source\HatcheryData.cpp">
      <Filter>Source Files</Filter>
    </ClCompile>
    <ClCompile Include="source\JSONTools.cpp">
      <Filter>Source Files</Filter>
    </ClCompile>
    <ClCompile Include="source\NaiveBuildOrderSearch.cpp">
      <Filter>Source Files</Filter>
    </ClCompile>
    <ClCompile Include="source\PrerequisiteSet.cpp">
      <Filter>Source Files</Filter>
    </ClCompile>
    <ClCompile Include="source\Tools.cpp">
      <Filter>Source Files</Filter>
    </ClCompile>
    <ClCompile Include="source\UnitData.cpp">
      <Filter>Source Files</Filter>
    </ClCompile>
  </ItemGroup>
  <ItemGroup>
    <ClInclude Include="source\ActionInProgress.h">
      <Filter>Header Files</Filter>
    </ClInclude>
    <ClInclude Include="source\ActionSet.h">
      <Filter>Header Files</Filter>
    </ClInclude>
    <ClInclude Include="source\ActionType.h">
      <Filter>Header Files</Filter>
    </ClInclude>
    <ClInclude Include="source\ActionTypeData.h">
      <Filter>Header Files</Filter>
    </ClInclude>
    <ClInclude Include="source\Array.hpp">
      <Filter>Header Files</Filter>
    </ClInclude>
    <ClInclude Include="source\BaseTypes.h">
      <Filter>Header Files</Filter>
    </ClInclude>
    <ClInclude Include="source\BOSS.h">
      <Filter>Header Files</Filter>
    </ClInclude>
    <ClInclude Include="source\BOSSAssert.h">
      <Filter>Header Files</Filter>
    </ClInclude>
    <ClInclude Include="source\BOSSException.h">
      <Filter>Header Files</Filter>
    </ClInclude>
    <ClInclude Include="source\BOSSExperiments.h">
      <Filter>Header Files</Filter>
    </ClInclude>
    <ClInclude Include="source\BOSSLogger.h">
      <Filter>Header Files</Filter>
    </ClInclude>
    <ClInclude Include="source\BOSSParameters.h">
      <Filter>Header Files</Filter>
    </ClInclude>
    <ClInclude Include="source\BOSSPlotBuildOrders.h">
      <Filter>Header Files</Filter>
    </ClInclude>
    <ClInclude Include="source\BuildingData.h">
      <Filter>Header Files</Filter>
    </ClInclude>
    <ClInclude Include="source\BuildOrder.h">
      <Filter>Header Files</Filter>
    </ClInclude>
    <ClInclude Include="source\BuildOrderPlot.h">
      <Filter>Header Files</Filter>
    </ClInclude>
    <ClInclude Include="source\BuildOrderSearchGoal.h">
      <Filter>Header Files</Filter>
    </ClInclude>
    <ClInclude Include="source\BuildOrderTester.h">
      <Filter>Header Files</Filter>
    </ClInclude>
    <ClInclude Include="source\CombatSearch.h">
      <Filter>Header Files</Filter>
    </ClInclude>
    <ClInclude Include="source\CombatSearch_BestResponse.h">
      <Filter>Header Files</Filter>
    </ClInclude>
    <ClInclude Include="source\CombatSearch_BestResponseData.h">
      <Filter>Header Files</Filter>
    </ClInclude>
    <ClInclude Include="source\CombatSearch_Bucket.h">
      <Filter>Header Files</Filter>
    </ClInclude>
    <ClInclude Include="source\CombatSearch_BucketData.h">
      <Filter>Header Files</Filter>
    </ClInclude>
    <ClInclude Include="source\CombatSearch_Integral.h">
      <Filter>Header Files</Filter>
    </ClInclude>
    <ClInclude Include="source\CombatSearch_IntegralData.h">
      <Filter>Header Files</Filter>
    </ClInclude>
    <ClInclude Include="source\CombatSearchExperiment.h">
      <Filter>Header Files</Filter>
    </ClInclude>
    <ClInclude Include="source\CombatSearchParameters.h">
      <Filter>Header Files</Filter>
    </ClInclude>
    <ClInclude Include="source\CombatSearchResults.h">
      <Filter>Header Files</Filter>
    </ClInclude>
    <ClInclude Include="source\Common.h">
      <Filter>Header Files</Filter>
    </ClInclude>
    <ClInclude Include="source\Constants.h">
      <Filter>Header Files</Filter>
    </ClInclude>
    <ClInclude Include="source\DFBB_BuildOrderSearchParameters.h">
      <Filter>Header Files</Filter>
    </ClInclude>
    <ClInclude Include="source\DFBB_BuildOrderSearchResults.h">
      <Filter>Header Files</Filter>
    </ClInclude>
    <ClInclude Include="source\DFBB_BuildOrderSearchSaveState.h">
      <Filter>Header Files</Filter>
    </ClInclude>
    <ClInclude Include="source\DFBB_BuildOrderSmartSearch.h">
      <Filter>Header Files</Filter>
    </ClInclude>
    <ClInclude Include="source\DFBB_BuildOrderStackSearch.h">
      <Filter>Header Files</Filter>
    </ClInclude>
    <ClInclude Include="source\Eval.h">
      <Filter>Header Files</Filter>
    </ClInclude>
    <ClInclude Include="source\GameState.h">
      <Filter>Header Files</Filter>
    </ClInclude>
    <ClInclude Include="source\GraphViz.hpp">
      <Filter>Header Files</Filter>
    </ClInclude>
    <ClInclude Include="source\HatcheryData.h">
      <Filter>Header Files</Filter>
    </ClInclude>
    <ClInclude Include="source\JSONTools.h">
      <Filter>Header Files</Filter>
    </ClInclude>
    <ClInclude Include="source\NaiveBuildOrderSearch.h">
      <Filter>Header Files</Filter>
    </ClInclude>
    <ClInclude Include="source\Position.hpp">
      <Filter>Header Files</Filter>
    </ClInclude>
    <ClInclude Include="source\PrerequisiteSet.h">
      <Filter>Header Files</Filter>
    </ClInclude>
    <ClInclude Include="source\Timer.hpp">
      <Filter>Header Files</Filter>
    </ClInclude>
    <ClInclude Include="source\Tools.h">
      <Filter>Header Files</Filter>
    </ClInclude>
    <ClInclude Include="source\UnitData.h">
      <Filter>Header Files</Filter>
    </ClInclude>
  </ItemGroup>
</Project>